
Microsoft Visual Studio Solution File, Format Version 11.00
# Visual Studio 2010
Project("{2150E333-8FDC-42A3-9474-1A3956D46DE8}") = "Solution Items", "Solution Items", "{171D740A-28B1-4DC8-8DE1-679BC05681C3}"
	ProjectSection(SolutionItems) = preProject
		Local.testsettings = Local.testsettings
		MongoSsisDataSource.vsmdi = MongoSsisDataSource.vsmdi
		TraceAndTestImpact.testsettings = TraceAndTestImpact.testsettings
	EndProjectSection
EndProject
Project("{FAE04EC0-301F-11D3-BF4B-00C04F79EFBC}") = "MongoSsisDataSource", "MongoSsisDataSource\MongoSsisDataSource.csproj", "{EA2F5DA3-DF0C-49E3-958B-508A13D88729}"
EndProject
Project("{930C7802-8A8C-48F9-8165-68863BCCD9DD}") = "Installer", "Installer\Installer.wixproj", "{80B13970-5D0C-4B6F-8294-5D9D06BB434A}"
EndProject
Project("{FAE04EC0-301F-11D3-BF4B-00C04F79EFBC}") = "MongoSsisSourceTests", "MongoSsisDataSourceTests\MongoSsisSourceTests.csproj", "{819DDAED-CD51-4893-8698-FDA949985116}"
EndProject
Global
	GlobalSection(TestCaseManagementSettings) = postSolution
		CategoryFile = MongoSsisDataSource.vsmdi
	EndGlobalSection
	GlobalSection(SolutionConfigurationPlatforms) = preSolution
		Debug|Any CPU = Debug|Any CPU
		Release|Any CPU = Release|Any CPU
	EndGlobalSection
	GlobalSection(ProjectConfigurationPlatforms) = postSolution
		{EA2F5DA3-DF0C-49E3-958B-508A13D88729}.Debug|Any CPU.ActiveCfg = Debug|Any CPU
		{EA2F5DA3-DF0C-49E3-958B-508A13D88729}.Debug|Any CPU.Build.0 = Debug|Any CPU
		{EA2F5DA3-DF0C-49E3-958B-508A13D88729}.Release|Any CPU.ActiveCfg = Release|Any CPU
		{EA2F5DA3-DF0C-49E3-958B-508A13D88729}.Release|Any CPU.Build.0 = Release|Any CPU
		{80B13970-5D0C-4B6F-8294-5D9D06BB434A}.Debug|Any CPU.ActiveCfg = Debug|x86
		{80B13970-5D0C-4B6F-8294-5D9D06BB434A}.Release|Any CPU.ActiveCfg = Release|x86
		{80B13970-5D0C-4B6F-8294-5D9D06BB434A}.Release|Any CPU.Build.0 = Release|x86
		{819DDAED-CD51-4893-8698-FDA949985116}.Debug|Any CPU.ActiveCfg = Debug|Any CPU
		{819DDAED-CD51-4893-8698-FDA949985116}.Debug|Any CPU.Build.0 = Debug|Any CPU
		{819DDAED-CD51-4893-8698-FDA949985116}.Release|Any CPU.ActiveCfg = Release|Any CPU
	EndGlobalSection
	GlobalSection(SolutionProperties) = preSolution
		HideSolutionNode = FALSE
	EndGlobalSection
	GlobalSection(NestedProjects) = preSolution
		{EA2F5DA3-DF0C-49E3-958B-508A13D88729} = {171D740A-28B1-4DC8-8DE1-679BC05681C3}
		{819DDAED-CD51-4893-8698-FDA949985116} = {171D740A-28B1-4DC8-8DE1-679BC05681C3}
	EndGlobalSection
EndGlobal
